# This file is automatically @generated by Cargo.
# It is not intended for manual editing.
[[package]]
name = "bumpalo"
version = "2.4.2"
source = "registry+https://github.com/rust-lang/crates.io-index"

[[package]]
name = "cfg-if"
version = "0.1.9"
source = "registry+https://github.com/rust-lang/crates.io-index"

[[package]]
name = "emu"
version = "0.1.0"
dependencies = [
 "r68k-emu 0.1.0 (git+https://github.com/marhel/r68k.git)",
 "r68k-tools 0.1.0 (git+https://github.com/marhel/r68k.git)",
]

[[package]]
name = "lazy_mut"
version = "0.1.0"
source = "registry+https://github.com/rust-lang/crates.io-index"
dependencies = [
 "libc 0.2.55 (registry+https://github.com/rust-lang/crates.io-index)",
]

[[package]]
name = "lazy_static"
version = "0.1.16"
source = "registry+https://github.com/rust-lang/crates.io-index"

[[package]]
name = "lazy_static"
version = "1.3.0"
source = "registry+https://github.com/rust-lang/crates.io-index"

[[package]]
name = "libc"
version = "0.2.55"
source = "registry+https://github.com/rust-lang/crates.io-index"

[[package]]
name = "log"
version = "0.4.6"
source = "registry+https://github.com/rust-lang/crates.io-index"
dependencies = [
 "cfg-if 0.1.9 (registry+https://github.com/rust-lang/crates.io-index)",
]

[[package]]
name = "pest"
version = "0.4.1"
source = "registry+https://github.com/rust-lang/crates.io-index"

[[package]]
name = "proc-macro2"
version = "0.4.30"
source = "registry+https://github.com/rust-lang/crates.io-index"
dependencies = [
 "unicode-xid 0.1.0 (registry+https://github.com/rust-lang/crates.io-index)",
]

[[package]]
name = "quote"
version = "0.6.12"
source = "registry+https://github.com/rust-lang/crates.io-index"
dependencies = [
 "proc-macro2 0.4.30 (registry+https://github.com/rust-lang/crates.io-index)",
]

[[package]]
name = "r68k-common"
version = "0.1.0"
source = "git+https://github.com/marhel/r68k.git#9119048282e81c8a2ad89dd4c6e9c24fceebccb1"

[[package]]
name = "r68k-emu"
version = "0.1.0"
source = "git+https://github.com/marhel/r68k.git#9119048282e81c8a2ad89dd4c6e9c24fceebccb1"
dependencies = [
 "lazy_static 0.1.16 (registry+https://github.com/rust-lang/crates.io-index)",
 "r68k-common 0.1.0 (git+https://github.com/marhel/r68k.git)",
]

[[package]]
name = "r68k-tools"
version = "0.1.0"
source = "git+https://github.com/marhel/r68k.git#9119048282e81c8a2ad89dd4c6e9c24fceebccb1"
dependencies = [
 "pest 0.4.1 (registry+https://github.com/rust-lang/crates.io-index)",
 "r68k-common 0.1.0 (git+https://github.com/marhel/r68k.git)",
]

[[package]]
name = "syn"
version = "0.15.34"
source = "registry+https://github.com/rust-lang/crates.io-index"
dependencies = [
 "proc-macro2 0.4.30 (registry+https://github.com/rust-lang/crates.io-index)",
 "quote 0.6.12 (registry+https://github.com/rust-lang/crates.io-index)",
 "unicode-xid 0.1.0 (registry+https://github.com/rust-lang/crates.io-index)",
]

[[package]]
name = "unicode-xid"
version = "0.1.0"
source = "registry+https://github.com/rust-lang/crates.io-index"

[[package]]
name = "wasm-bindgen"
version = "0.2.44"
source = "registry+https://github.com/rust-lang/crates.io-index"
dependencies = [
 "wasm-bindgen-macro 0.2.44 (registry+https://github.com/rust-lang/crates.io-index)",
]

[[package]]
name = "wasm-bindgen-backend"
version = "0.2.44"
source = "registry+https://github.com/rust-lang/crates.io-index"
dependencies = [
 "bumpalo 2.4.2 (registry+https://github.com/rust-lang/crates.io-index)",
 "lazy_static 1.3.0 (registry+https://github.com/rust-lang/crates.io-index)",
 "log 0.4.6 (registry+https://github.com/rust-lang/crates.io-index)",
 "proc-macro2 0.4.30 (registry+https://github.com/rust-lang/crates.io-index)",
 "quote 0.6.12 (registry+https://github.com/rust-lang/crates.io-index)",
 "syn 0.15.34 (registry+https://github.com/rust-lang/crates.io-index)",
 "wasm-bindgen-shared 0.2.44 (registry+https://github.com/rust-lang/crates.io-index)",
]

[[package]]
name = "wasm-bindgen-macro"
version = "0.2.44"
source = "registry+https://github.com/rust-lang/crates.io-index"
dependencies = [
 "quote 0.6.12 (registry+https://github.com/rust-lang/crates.io-index)",
 "wasm-bindgen-macro-support 0.2.44 (registry+https://github.com/rust-lang/crates.io-index)",
]

[[package]]
name = "wasm-bindgen-macro-support"
version = "0.2.44"
source = "registry+https://github.com/rust-lang/crates.io-index"
dependencies = [
 "proc-macro2 0.4.30 (registry+https://github.com/rust-lang/crates.io-index)",
 "quote 0.6.12 (registry+https://github.com/rust-lang/crates.io-index)",
 "syn 0.15.34 (registry+https://github.com/rust-lang/crates.io-index)",
 "wasm-bindgen-backend 0.2.44 (registry+https://github.com/rust-lang/crates.io-index)",
 "wasm-bindgen-shared 0.2.44 (registry+https://github.com/rust-lang/crates.io-index)",
]

[[package]]
name = "wasm-bindgen-shared"
version = "0.2.44"
source = "registry+https://github.com/rust-lang/crates.io-index"

[[package]]
name = "web"
version = "0.1.0"
dependencies = [
 "emu 0.1.0",
 "lazy_mut 0.1.0 (registry+https://github.com/rust-lang/crates.io-index)",
 "lazy_static 1.3.0 (registry+https://github.com/rust-lang/crates.io-index)",
 "wasm-bindgen 0.2.44 (registry+https://github.com/rust-lang/crates.io-index)",
]

[metadata]
"checksum bumpalo 2.4.2 (registry+https://github.com/rust-lang/crates.io-index)" = "299f49401bb57849d1523425255b87e31ac78f2bbf4ac654cd681db25bc4a5d5"
"checksum cfg-if 0.1.9 (registry+https://github.com/rust-lang/crates.io-index)" = "b486ce3ccf7ffd79fdeb678eac06a9e6c09fc88d33836340becb8fffe87c5e33"
"checksum lazy_mut 0.1.0 (registry+https://github.com/rust-lang/crates.io-index)" = "767a23ea51ed54e6a9cd2a6d0fe156feb4934a4d95e585b55f4585577e195a5b"
"checksum lazy_static 0.1.16 (registry+https://github.com/rust-lang/crates.io-index)" = "cf186d1a8aa5f5bee5fd662bc9c1b949e0259e1bcc379d1f006847b0080c7417"
"checksum lazy_static 1.3.0 (registry+https://github.com/rust-lang/crates.io-index)" = "bc5729f27f159ddd61f4df6228e827e86643d4d3e7c32183cb30a1c08f604a14"
"checksum libc 0.2.55 (registry+https://github.com/rust-lang/crates.io-index)" = "42914d39aad277d9e176efbdad68acb1d5443ab65afe0e0e4f0d49352a950880"
"checksum log 0.4.6 (registry+https://github.com/rust-lang/crates.io-index)" = "c84ec4b527950aa83a329754b01dbe3f58361d1c5efacd1f6d68c494d08a17c6"
"checksum pest 0.4.1 (registry+https://github.com/rust-lang/crates.io-index)" = "3e2e823a5967bb4cdc6d3e46f47baaf4ecfeae44413a642b74ad44e59e49c7f6"
"checksum proc-macro2 0.4.30 (registry+https://github.com/rust-lang/crates.io-index)" = "cf3d2011ab5c909338f7887f4fc896d35932e29146c12c8d01da6b22a80ba759"
"checksum quote 0.6.12 (registry+https://github.com/rust-lang/crates.io-index)" = "faf4799c5d274f3868a4aae320a0a182cbd2baee377b378f080e16a23e9d80db"
"checksum r68k-common 0.1.0 (git+https://github.com/marhel/r68k.git)" = "<none>"
"checksum r68k-emu 0.1.0 (git+https://github.com/marhel/r68k.git)" = "<none>"
"checksum r68k-tools 0.1.0 (git+https://github.com/marhel/r68k.git)" = "<none>"
"checksum syn 0.15.34 (registry+https://github.com/rust-lang/crates.io-index)" = "a1393e4a97a19c01e900df2aec855a29f71cf02c402e2f443b8d2747c25c5dbe"
"checksum unicode-xid 0.1.0 (registry+https://github.com/rust-lang/crates.io-index)" = "fc72304796d0818e357ead4e000d19c9c174ab23dc11093ac919054d20a6a7fc"
"checksum wasm-bindgen 0.2.44 (registry+https://github.com/rust-lang/crates.io-index)" = "df659e080ba2ee410d3651a84e33cc09f5bd355b0c6f014876502231f2f91659"
"checksum wasm-bindgen-backend 0.2.44 (registry+https://github.com/rust-lang/crates.io-index)" = "b7adec71077d40b84d771e5155aa3ca1985e1f5bcefb36cdae4157e670509ea4"
"checksum wasm-bindgen-macro 0.2.44 (registry+https://github.com/rust-lang/crates.io-index)" = "d2182038ee8ee22c5f5653ab081d4970c054b435b4b513d587beaa7f95c9c277"
"checksum wasm-bindgen-macro-support 0.2.44 (registry+https://github.com/rust-lang/crates.io-index)" = "cc4b5cb4ac8bf9c516016f7f12b0b8fbcaf16c6a983bf438738ba165055c2b7b"
"checksum wasm-bindgen-shared 0.2.44 (registry+https://github.com/rust-lang/crates.io-index)" = "5617f78ef6ffc25f1e34130a9581cdd0d54b90000a9e8ac1e28a1cdc16ca65b3"
